
Microsoft Visual Studio Solution File, Format Version 12.00
# Visual Studio Version 17
VisualStudioVersion = 17.10.35027.167
MinimumVisualStudioVersion = 10.0.40219.1
Project("{9A19103F-16F7-4668-BE54-9A1E7A4F7556}") = "FundipediaPart2.Api", "FundipediaPart2.Api\FundipediaPart2.Api.csproj", "{3928F7F9-995D-4010-9BD8-207309A2C269}"
EndProject
Project("{9A19103F-16F7-4668-BE54-9A1E7A4F7556}") = "FundipediaPart2.Model", "FundipediaPart2.Model\FundipediaPart2.Model.csproj", "{3B2A59F4-7A0F-4447-9800-F75824360B30}"
EndProject
Project("{9A19103F-16F7-4668-BE54-9A1E7A4F7556}") = "FundipediaPart2.Domain", "FundipediaPart2.Domain\FundipediaPart2.Domain.csproj", "{58AB1206-E399-4831-B92B-1FD61C45B5CC}"
EndProject
Project("{FAE04EC0-301F-11D3-BF4B-00C04F79EFBC}") = "FundipediaPart2.Test", "FundipediaPart2.Test\FundipediaPart2.Test.csproj", "{0C54E456-1E35-4DAE-BECF-6F0B65001733}"
EndProject
Project("{FAE04EC0-301F-11D3-BF4B-00C04F79EFBC}") = "FundipediaPart2.Web", "FundipediaPart2.Web\FundipediaPart2.Web.csproj", "{2F629610-D1CD-45C5-AFDC-379929CA1667}"
EndProject
Global
	GlobalSection(SolutionConfigurationPlatforms) = preSolution
		Debug|Any CPU = Debug|Any CPU
		Release|Any CPU = Release|Any CPU
	EndGlobalSection
	GlobalSection(ProjectConfigurationPlatforms) = postSolution
		{3928F7F9-995D-4010-9BD8-207309A2C269}.Debug|Any CPU.ActiveCfg = Debug|Any CPU
		{3928F7F9-995D-4010-9BD8-207309A2C269}.Debug|Any CPU.Build.0 = Debug|Any CPU
		{3928F7F9-995D-4010-9BD8-207309A2C269}.Release|Any CPU.ActiveCfg = Release|Any CPU
		{3928F7F9-995D-4010-9BD8-207309A2C269}.Release|Any CPU.Build.0 = Release|Any CPU
		{3B2A59F4-7A0F-4447-9800-F75824360B30}.Debug|Any CPU.ActiveCfg = Debug|Any CPU
		{3B2A59F4-7A0F-4447-9800-F75824360B30}.Debug|Any CPU.Build.0 = Debug|Any CPU
		{3B2A59F4-7A0F-4447-9800-F75824360B30}.Release|Any CPU.ActiveCfg = Release|Any CPU
		{3B2A59F4-7A0F-4447-9800-F75824360B30}.Release|Any CPU.Build.0 = Release|Any CPU
		{58AB1206-E399-4831-B92B-1FD61C45B5CC}.Debug|Any CPU.ActiveCfg = Debug|Any CPU
		{58AB1206-E399-4831-B92B-1FD61C45B5CC}.Debug|Any CPU.Build.0 = Debug|Any CPU
		{58AB1206-E399-4831-B92B-1FD61C45B5CC}.Release|Any CPU.ActiveCfg = Release|Any CPU
		{58AB1206-E399-4831-B92B-1FD61C45B5CC}.Release|Any CPU.Build.0 = Release|Any CPU
		{0C54E456-1E35-4DAE-BECF-6F0B65001733}.Debug|Any CPU.ActiveCfg = Debug|Any CPU
		{0C54E456-1E35-4DAE-BECF-6F0B65001733}.Debug|Any CPU.Build.0 = Debug|Any CPU
		{0C54E456-1E35-4DAE-BECF-6F0B65001733}.Release|Any CPU.ActiveCfg = Release|Any CPU
		{0C54E456-1E35-4DAE-BECF-6F0B65001733}.Release|Any CPU.Build.0 = Release|Any CPU
		{2F629610-D1CD-45C5-AFDC-379929CA1667}.Debug|Any CPU.ActiveCfg = Debug|Any CPU
		{2F629610-D1CD-45C5-AFDC-379929CA1667}.Debug|Any CPU.Build.0 = Debug|Any CPU
		{2F629610-D1CD-45C5-AFDC-379929CA1667}.Release|Any CPU.ActiveCfg = Release|Any CPU
		{2F629610-D1CD-45C5-AFDC-379929CA1667}.Release|Any CPU.Build.0 = Release|Any CPU
	EndGlobalSection
	GlobalSection(SolutionProperties) = preSolution
		HideSolutionNode = FALSE
	EndGlobalSection
	GlobalSection(ExtensibilityGlobals) = postSolution
		SolutionGuid = {FEC91055-C76E-4C99-A303-A1852AFA64B4}
	EndGlobalSection
EndGlobal
